
Microsoft Visual Studio Solution File, Format Version 12.00
# Visual Studio 15
VisualStudioVersion = 15.0.26228.9
MinimumVisualStudioVersion = 10.0.40219.1
Project("{FAE04EC0-301F-11D3-BF4B-00C04F79EFBC}") = "IMKLocation", "IMKLocation\IMKLocation.csproj", "{1891BB72-9E23-4395-9E95-B0F5B8D905ED}"
EndProject
Project("{FAE04EC0-301F-11D3-BF4B-00C04F79EFBC}") = "IMKLocation.Tests", "IMKLocation.Tests\IMKLocation.Tests.csproj", "{45385B67-2AB5-4E2A-B93D-D01253A23961}"
EndProject
Global
	GlobalSection(SolutionConfigurationPlatforms) = preSolution
		Debug|Any CPU = Debug|Any CPU
		Release|Any CPU = Release|Any CPU
	EndGlobalSection
	GlobalSection(ProjectConfigurationPlatforms) = postSolution
		{1891BB72-9E23-4395-9E95-B0F5B8D905ED}.Debug|Any CPU.ActiveCfg = Debug|Any CPU
		{1891BB72-9E23-4395-9E95-B0F5B8D905ED}.Debug|Any CPU.Build.0 = Debug|Any CPU
		{1891BB72-9E23-4395-9E95-B0F5B8D905ED}.Release|Any CPU.ActiveCfg = Release|Any CPU
		{1891BB72-9E23-4395-9E95-B0F5B8D905ED}.Release|Any CPU.Build.0 = Release|Any CPU
		{45385B67-2AB5-4E2A-B93D-D01253A23961}.Debug|Any CPU.ActiveCfg = Debug|Any CPU
		{45385B67-2AB5-4E2A-B93D-D01253A23961}.Debug|Any CPU.Build.0 = Debug|Any CPU
		{45385B67-2AB5-4E2A-B93D-D01253A23961}.Release|Any CPU.ActiveCfg = Release|Any CPU
		{45385B67-2AB5-4E2A-B93D-D01253A23961}.Release|Any CPU.Build.0 = Release|Any CPU
	EndGlobalSection
	GlobalSection(SolutionProperties) = preSolution
		HideSolutionNode = FALSE
	EndGlobalSection
EndGlobal
